
Microsoft Visual Studio Solution File, Format Version 12.00
# Visual Studio Version 17
VisualStudioVersion = 17.14.36414.22
MinimumVisualStudioVersion = 10.0.40219.1
Project("{FAE04EC0-301F-11D3-BF4B-00C04F79EFBC}") = "CMCSGUI", "CMCSGUI\CMCSGUI.csproj", "{89C15440-5990-4E43-B47D-1F041D1E1A1E}"
EndProject
Global
	GlobalSection(SolutionConfigurationPlatforms) = preSolution
		Debug|Any CPU = Debug|Any CPU
		Release|Any CPU = Release|Any CPU
	EndGlobalSection
	GlobalSection(ProjectConfigurationPlatforms) = postSolution
		{89C15440-5990-4E43-B47D-1F041D1E1A1E}.Debug|Any CPU.ActiveCfg = Debug|Any CPU
		{89C15440-5990-4E43-B47D-1F041D1E1A1E}.Debug|Any CPU.Build.0 = Debug|Any CPU
		{89C15440-5990-4E43-B47D-1F041D1E1A1E}.Release|Any CPU.ActiveCfg = Release|Any CPU
		{89C15440-5990-4E43-B47D-1F041D1E1A1E}.Release|Any CPU.Build.0 = Release|Any CPU
	EndGlobalSection
	GlobalSection(SolutionProperties) = preSolution
		HideSolutionNode = FALSE
	EndGlobalSection
	GlobalSection(ExtensibilityGlobals) = postSolution
		SolutionGuid = {F653C29B-3841-491E-8E64-C47857D20A35}
	EndGlobalSection
EndGlobal
